
Microsoft Visual Studio Solution File, Format Version 12.00
# Visual Studio Version 17
VisualStudioVersion = 17.9.34622.214
MinimumVisualStudioVersion = 10.0.40219.1
Project("{9A19103F-16F7-4668-BE54-9A1E7A4F7556}") = "eAcProject", "eShop\eAcProject.csproj", "{0977C5F6-9CAC-4994-8462-15C55BD292E1}"
EndProject
Project("{9A19103F-16F7-4668-BE54-9A1E7A4F7556}") = "DataAccess", "DataAccess\DataAccess.csproj", "{CA251155-6DE6-430D-9845-A12FA2761931}"
EndProject
Project("{9A19103F-16F7-4668-BE54-9A1E7A4F7556}") = "Models", "Models\Models.csproj", "{29C4AA67-C90D-40B2-AECD-7AE2C1FB9792}"
EndProject
Project("{9A19103F-16F7-4668-BE54-9A1E7A4F7556}") = "DTOs", "DTOs\DTOs.csproj", "{7A9AFDE1-4245-422F-81EE-5F8E1E5D7AD0}"
EndProject
Project("{9A19103F-16F7-4668-BE54-9A1E7A4F7556}") = "Common", "Common\Common.csproj", "{BCB4903F-88BB-458F-9AAE-31C9A9FDAF98}"
EndProject
Global
	GlobalSection(SolutionConfigurationPlatforms) = preSolution
		Debug|Any CPU = Debug|Any CPU
		Release|Any CPU = Release|Any CPU
	EndGlobalSection
	GlobalSection(ProjectConfigurationPlatforms) = postSolution
		{0977C5F6-9CAC-4994-8462-15C55BD292E1}.Debug|Any CPU.ActiveCfg = Debug|Any CPU
		{0977C5F6-9CAC-4994-8462-15C55BD292E1}.Debug|Any CPU.Build.0 = Debug|Any CPU
		{0977C5F6-9CAC-4994-8462-15C55BD292E1}.Release|Any CPU.ActiveCfg = Release|Any CPU
		{0977C5F6-9CAC-4994-8462-15C55BD292E1}.Release|Any CPU.Build.0 = Release|Any CPU
		{CA251155-6DE6-430D-9845-A12FA2761931}.Debug|Any CPU.ActiveCfg = Debug|Any CPU
		{CA251155-6DE6-430D-9845-A12FA2761931}.Debug|Any CPU.Build.0 = Debug|Any CPU
		{CA251155-6DE6-430D-9845-A12FA2761931}.Release|Any CPU.ActiveCfg = Release|Any CPU
		{CA251155-6DE6-430D-9845-A12FA2761931}.Release|Any CPU.Build.0 = Release|Any CPU
		{29C4AA67-C90D-40B2-AECD-7AE2C1FB9792}.Debug|Any CPU.ActiveCfg = Debug|Any CPU
		{29C4AA67-C90D-40B2-AECD-7AE2C1FB9792}.Debug|Any CPU.Build.0 = Debug|Any CPU
		{29C4AA67-C90D-40B2-AECD-7AE2C1FB9792}.Release|Any CPU.ActiveCfg = Release|Any CPU
		{29C4AA67-C90D-40B2-AECD-7AE2C1FB9792}.Release|Any CPU.Build.0 = Release|Any CPU
		{7A9AFDE1-4245-422F-81EE-5F8E1E5D7AD0}.Debug|Any CPU.ActiveCfg = Debug|Any CPU
		{7A9AFDE1-4245-422F-81EE-5F8E1E5D7AD0}.Debug|Any CPU.Build.0 = Debug|Any CPU
		{7A9AFDE1-4245-422F-81EE-5F8E1E5D7AD0}.Release|Any CPU.ActiveCfg = Release|Any CPU
		{7A9AFDE1-4245-422F-81EE-5F8E1E5D7AD0}.Release|Any CPU.Build.0 = Release|Any CPU
		{BCB4903F-88BB-458F-9AAE-31C9A9FDAF98}.Debug|Any CPU.ActiveCfg = Debug|Any CPU
		{BCB4903F-88BB-458F-9AAE-31C9A9FDAF98}.Debug|Any CPU.Build.0 = Debug|Any CPU
		{BCB4903F-88BB-458F-9AAE-31C9A9FDAF98}.Release|Any CPU.ActiveCfg = Release|Any CPU
		{BCB4903F-88BB-458F-9AAE-31C9A9FDAF98}.Release|Any CPU.Build.0 = Release|Any CPU
	EndGlobalSection
	GlobalSection(SolutionProperties) = preSolution
		HideSolutionNode = FALSE
	EndGlobalSection
	GlobalSection(ExtensibilityGlobals) = postSolution
		SolutionGuid = {FFC07C99-ACBA-492D-94CD-FDA22AF69029}
	EndGlobalSection
EndGlobal
